
Microsoft Visual Studio Solution File, Format Version 12.00
# Visual Studio 2012
Project("{FAE04EC0-301F-11D3-BF4B-00C04F79EFBC}") = "WebSignalR", "WebSignalR\WebSignalR.csproj", "{DABCD860-540B-4B6C-B2C4-F460417E21A7}"
EndProject
Project("{FAE04EC0-301F-11D3-BF4B-00C04F79EFBC}") = "WebSignalR.Common", "WebSignalR.Common\WebSignalR.Common.csproj", "{30F872D9-563D-4ED9-AE99-9EF0C9A8F7C7}"
EndProject
Project("{FAE04EC0-301F-11D3-BF4B-00C04F79EFBC}") = "WebSignalR.DataAccess", "WebSignalR.DataAccess\WebSignalR.DataAccess.csproj", "{6F5E8B7E-94DD-44A5-AD21-7CD5C6B553CA}"
EndProject
Project("{FAE04EC0-301F-11D3-BF4B-00C04F79EFBC}") = "WebSignalR.Test", "WebSignalR.Test\WebSignalR.Test.csproj", "{91002950-9FBF-4028-A0E5-EC3E0EE7FAB6}"
EndProject
Project("{FAE04EC0-301F-11D3-BF4B-00C04F79EFBC}") = "WebSignalR.TestHarness", "WebSignalR.TestHarness\WebSignalR.TestHarness.csproj", "{AA9F60DB-9891-4F68-99F2-A04B69D63823}"
EndProject
Global
	GlobalSection(SolutionConfigurationPlatforms) = preSolution
		Debug|Any CPU = Debug|Any CPU
		Release|Any CPU = Release|Any CPU
	EndGlobalSection
	GlobalSection(ProjectConfigurationPlatforms) = postSolution
		{DABCD860-540B-4B6C-B2C4-F460417E21A7}.Debug|Any CPU.ActiveCfg = Debug|Any CPU
		{DABCD860-540B-4B6C-B2C4-F460417E21A7}.Debug|Any CPU.Build.0 = Debug|Any CPU
		{DABCD860-540B-4B6C-B2C4-F460417E21A7}.Release|Any CPU.ActiveCfg = Release|Any CPU
		{DABCD860-540B-4B6C-B2C4-F460417E21A7}.Release|Any CPU.Build.0 = Release|Any CPU
		{30F872D9-563D-4ED9-AE99-9EF0C9A8F7C7}.Debug|Any CPU.ActiveCfg = Debug|Any CPU
		{30F872D9-563D-4ED9-AE99-9EF0C9A8F7C7}.Debug|Any CPU.Build.0 = Debug|Any CPU
		{30F872D9-563D-4ED9-AE99-9EF0C9A8F7C7}.Release|Any CPU.ActiveCfg = Release|Any CPU
		{30F872D9-563D-4ED9-AE99-9EF0C9A8F7C7}.Release|Any CPU.Build.0 = Release|Any CPU
		{6F5E8B7E-94DD-44A5-AD21-7CD5C6B553CA}.Debug|Any CPU.ActiveCfg = Debug|Any CPU
		{6F5E8B7E-94DD-44A5-AD21-7CD5C6B553CA}.Debug|Any CPU.Build.0 = Debug|Any CPU
		{6F5E8B7E-94DD-44A5-AD21-7CD5C6B553CA}.Release|Any CPU.ActiveCfg = Release|Any CPU
		{6F5E8B7E-94DD-44A5-AD21-7CD5C6B553CA}.Release|Any CPU.Build.0 = Release|Any CPU
		{91002950-9FBF-4028-A0E5-EC3E0EE7FAB6}.Debug|Any CPU.ActiveCfg = Debug|Any CPU
		{91002950-9FBF-4028-A0E5-EC3E0EE7FAB6}.Debug|Any CPU.Build.0 = Debug|Any CPU
		{91002950-9FBF-4028-A0E5-EC3E0EE7FAB6}.Release|Any CPU.ActiveCfg = Release|Any CPU
		{91002950-9FBF-4028-A0E5-EC3E0EE7FAB6}.Release|Any CPU.Build.0 = Release|Any CPU
		{AA9F60DB-9891-4F68-99F2-A04B69D63823}.Debug|Any CPU.ActiveCfg = Debug|Any CPU
		{AA9F60DB-9891-4F68-99F2-A04B69D63823}.Debug|Any CPU.Build.0 = Debug|Any CPU
		{AA9F60DB-9891-4F68-99F2-A04B69D63823}.Release|Any CPU.ActiveCfg = Release|Any CPU
		{AA9F60DB-9891-4F68-99F2-A04B69D63823}.Release|Any CPU.Build.0 = Release|Any CPU
	EndGlobalSection
	GlobalSection(SolutionProperties) = preSolution
		HideSolutionNode = FALSE
	EndGlobalSection
EndGlobal
