
Microsoft Visual Studio Solution File, Format Version 12.00
# Visual Studio 2012
Project("{FAE04EC0-301F-11D3-BF4B-00C04F79EFBC}") = "WebSignalR", "WebSignalR\WebSignalR.csproj", "{DABCD860-540B-4B6C-B2C4-F460417E21A7}"
EndProject
Project("{FAE04EC0-301F-11D3-BF4B-00C04F79EFBC}") = "WebSignalR.Common", "WebSignalR.Common\WebSignalR.Common.csproj", "{30F872D9-563D-4ED9-AE99-9EF0C9A8F7C7}"
EndProject
Project("{FAE04EC0-301F-11D3-BF4B-00C04F79EFBC}") = "WebSignalR.DataAccess", "WebSignalR.DataAccess\WebSignalR.DataAccess.csproj", "{6F5E8B7E-94DD-44A5-AD21-7CD5C6B553CA}"
EndProject
Project("{FAE04EC0-301F-11D3-BF4B-00C04F79EFBC}") = "WebSignalR.Test", "WebSignalR.Test\WebSignalR.Test.csproj", "{91002950-9FBF-4028-A0E5-EC3E0EE7FAB6}"
EndProject
Project("{FAE04EC0-301F-11D3-BF4B-00C04F79EFBC}") = "WebSignalR.TestHarness", "WebSignalR.TestHarness\WebSignalR.TestHarness.csproj", "{AA9F60DB-9891-4F68-99F2-A04B69D63823}"
EndProject
Project("{2150E333-8FDC-42A3-9474-1A3956D46DE8}") = "Version", "Version", "{0A281A7B-77E9-4FA8-ACB5-BE2AA1DD2AF6}"
	ProjectSection(SolutionItems) = preProject
		SolutionVersion.cs = SolutionVersion.cs
	EndProjectSection
EndProject
Project("{FAE04EC0-301F-11D3-BF4B-00C04F79EFBC}") = "WebSignalR.Bus", "WebSignalR.Bus\WebSignalR.Bus.csproj", "{9ABF08C9-95B8-4291-8A0D-FFADA0BF863D}"
EndProject
Project("{FAE04EC0-301F-11D3-BF4B-00C04F79EFBC}") = "WebSignalR.PluginManager", "WebSignalR.PluginManager\WebSignalR.PluginManager.csproj", "{4E16EB47-F185-49AC-8BDD-0B25B08B686C}"
EndProject
Project("{FAE04EC0-301F-11D3-BF4B-00C04F79EFBC}") = "WebSignalR.ExtensionModule", "WebSignalR.ExtensionModule\WebSignalR.ExtensionModule.csproj", "{1AA3296F-79F1-4841-999A-334BF02F6AD6}"
EndProject
Global
	GlobalSection(SolutionConfigurationPlatforms) = preSolution
		Debug|Any CPU = Debug|Any CPU
		Release|Any CPU = Release|Any CPU
	EndGlobalSection
	GlobalSection(ProjectConfigurationPlatforms) = postSolution
		{DABCD860-540B-4B6C-B2C4-F460417E21A7}.Debug|Any CPU.ActiveCfg = Debug|Any CPU
		{DABCD860-540B-4B6C-B2C4-F460417E21A7}.Debug|Any CPU.Build.0 = Debug|Any CPU
		{DABCD860-540B-4B6C-B2C4-F460417E21A7}.Release|Any CPU.ActiveCfg = Release|Any CPU
		{DABCD860-540B-4B6C-B2C4-F460417E21A7}.Release|Any CPU.Build.0 = Release|Any CPU
		{30F872D9-563D-4ED9-AE99-9EF0C9A8F7C7}.Debug|Any CPU.ActiveCfg = Debug|Any CPU
		{30F872D9-563D-4ED9-AE99-9EF0C9A8F7C7}.Debug|Any CPU.Build.0 = Debug|Any CPU
		{30F872D9-563D-4ED9-AE99-9EF0C9A8F7C7}.Release|Any CPU.ActiveCfg = Release|Any CPU
		{30F872D9-563D-4ED9-AE99-9EF0C9A8F7C7}.Release|Any CPU.Build.0 = Release|Any CPU
		{6F5E8B7E-94DD-44A5-AD21-7CD5C6B553CA}.Debug|Any CPU.ActiveCfg = Debug|Any CPU
		{6F5E8B7E-94DD-44A5-AD21-7CD5C6B553CA}.Debug|Any CPU.Build.0 = Debug|Any CPU
		{6F5E8B7E-94DD-44A5-AD21-7CD5C6B553CA}.Release|Any CPU.ActiveCfg = Release|Any CPU
		{6F5E8B7E-94DD-44A5-AD21-7CD5C6B553CA}.Release|Any CPU.Build.0 = Release|Any CPU
		{91002950-9FBF-4028-A0E5-EC3E0EE7FAB6}.Debug|Any CPU.ActiveCfg = Debug|Any CPU
		{91002950-9FBF-4028-A0E5-EC3E0EE7FAB6}.Debug|Any CPU.Build.0 = Debug|Any CPU
		{91002950-9FBF-4028-A0E5-EC3E0EE7FAB6}.Release|Any CPU.ActiveCfg = Release|Any CPU
		{91002950-9FBF-4028-A0E5-EC3E0EE7FAB6}.Release|Any CPU.Build.0 = Release|Any CPU
		{AA9F60DB-9891-4F68-99F2-A04B69D63823}.Debug|Any CPU.ActiveCfg = Debug|Any CPU
		{AA9F60DB-9891-4F68-99F2-A04B69D63823}.Debug|Any CPU.Build.0 = Debug|Any CPU
		{AA9F60DB-9891-4F68-99F2-A04B69D63823}.Release|Any CPU.ActiveCfg = Release|Any CPU
		{AA9F60DB-9891-4F68-99F2-A04B69D63823}.Release|Any CPU.Build.0 = Release|Any CPU
		{9ABF08C9-95B8-4291-8A0D-FFADA0BF863D}.Debug|Any CPU.ActiveCfg = Debug|Any CPU
		{9ABF08C9-95B8-4291-8A0D-FFADA0BF863D}.Debug|Any CPU.Build.0 = Debug|Any CPU
		{9ABF08C9-95B8-4291-8A0D-FFADA0BF863D}.Release|Any CPU.ActiveCfg = Release|Any CPU
		{9ABF08C9-95B8-4291-8A0D-FFADA0BF863D}.Release|Any CPU.Build.0 = Release|Any CPU
		{4E16EB47-F185-49AC-8BDD-0B25B08B686C}.Debug|Any CPU.ActiveCfg = Debug|Any CPU
		{4E16EB47-F185-49AC-8BDD-0B25B08B686C}.Debug|Any CPU.Build.0 = Debug|Any CPU
		{4E16EB47-F185-49AC-8BDD-0B25B08B686C}.Release|Any CPU.ActiveCfg = Release|Any CPU
		{4E16EB47-F185-49AC-8BDD-0B25B08B686C}.Release|Any CPU.Build.0 = Release|Any CPU
		{1AA3296F-79F1-4841-999A-334BF02F6AD6}.Debug|Any CPU.ActiveCfg = Debug|Any CPU
		{1AA3296F-79F1-4841-999A-334BF02F6AD6}.Debug|Any CPU.Build.0 = Debug|Any CPU
		{1AA3296F-79F1-4841-999A-334BF02F6AD6}.Release|Any CPU.ActiveCfg = Release|Any CPU
		{1AA3296F-79F1-4841-999A-334BF02F6AD6}.Release|Any CPU.Build.0 = Release|Any CPU
	EndGlobalSection
	GlobalSection(SolutionProperties) = preSolution
		HideSolutionNode = FALSE
	EndGlobalSection
EndGlobal
